
Microsoft Visual Studio Solution File, Format Version 12.00
# Visual Studio 15
VisualStudioVersion = 15.0.28010.2036
MinimumVisualStudioVersion = 10.0.40219.1
Project("{FAE04EC0-301F-11D3-BF4B-00C04F79EFBC}") = "emgucvDemo", "emgucvDemo\emgucvDemo.csproj", "{C67A5D2D-6416-43C8-80E7-E8F81F592FFD}"
EndProject
Global
	GlobalSection(SolutionConfigurationPlatforms) = preSolution
		Debug|Any CPU = Debug|Any CPU
		Release|Any CPU = Release|Any CPU
	EndGlobalSection
	GlobalSection(ProjectConfigurationPlatforms) = postSolution
		{C67A5D2D-6416-43C8-80E7-E8F81F592FFD}.Debug|Any CPU.ActiveCfg = Debug|Any CPU
		{C67A5D2D-6416-43C8-80E7-E8F81F592FFD}.Debug|Any CPU.Build.0 = Debug|Any CPU
		{C67A5D2D-6416-43C8-80E7-E8F81F592FFD}.Release|Any CPU.ActiveCfg = Release|Any CPU
		{C67A5D2D-6416-43C8-80E7-E8F81F592FFD}.Release|Any CPU.Build.0 = Release|Any CPU
	EndGlobalSection
	GlobalSection(SolutionProperties) = preSolution
		HideSolutionNode = FALSE
	EndGlobalSection
	GlobalSection(ExtensibilityGlobals) = postSolution
		SolutionGuid = {77F3A2FF-2DFE-4373-AD0F-411AA2B139C4}
	EndGlobalSection
EndGlobal
